// !$*UTF8*$!
{
	archiveVersion = 1;
	classes = {
	};
	objectVersion = 56;
	objects = {

/* Begin PBXBuildFile section */
		21117C9A2D40F059004C64BC /* AppDelegate.swift in Sources */ = {isa = PBXBuildFile; fileRef = 21117C992D40F059004C64BC /* AppDelegate.swift */; };
		21117C9C2D40F059004C64BC /* GameScene.sks in Resources */ = {isa = PBXBuildFile; fileRef = 21117C9B2D40F059004C64BC /* GameScene.sks */; };
		21117C9E2D40F059004C64BC /* Actions.sks in Resources */ = {isa = PBXBuildFile; fileRef = 21117C9D2D40F059004C64BC /* Actions.sks */; };
		21117CA02D40F059004C64BC /* GameScene.swift in Sources */ = {isa = PBXBuildFile; fileRef = 21117C9F2D40F059004C64BC /* GameScene.swift */; };
		21117CA22D40F059004C64BC /* GameViewController.swift in Sources */ = {isa = PBXBuildFile; fileRef = 21117CA12D40F059004C64BC /* GameViewController.swift */; };
		21117CA52D40F059004C64BC /* Main.storyboard in Resources */ = {isa = PBXBuildFile; fileRef = 21117CA32D40F059004C64BC /* Main.storyboard */; };
		21117CA72D40F05C004C64BC /* Assets.xcassets in Resources */ = {isa = PBXBuildFile; fileRef = 21117CA62D40F05C004C64BC /* Assets.xcassets */; };
		21117CAA2D40F05C004C64BC /* LaunchScreen.storyboard in Resources */ = {isa = PBXBuildFile; fileRef = 21117CA82D40F05C004C64BC /* LaunchScreen.storyboard */; };
		FD0A06FE2D46955300A42BE9 /* Constants.swift in Sources */ = {isa = PBXBuildFile; fileRef = FD0A06FD2D46955300A42BE9 /* Constants.swift */; };
		FD647EA92D64AE1100ED72C1 /* DundeonToMapTranslation.swift in Sources */ = {isa = PBXBuildFile; fileRef = FD647EA82D64AE1100ED72C1 /* DundeonToMapTranslation.swift */; };
		FDE4D7822D5D0A9D00EBD537 /* MapClasses.swift in Sources */ = {isa = PBXBuildFile; fileRef = FDE4D7812D5D0A9D00EBD537 /* MapClasses.swift */; };
		FDF93DBC2D4FDCA2008D73CF /* DungeonGeneration.swift in Sources */ = {isa = PBXBuildFile; fileRef = FDF93DBB2D4FDCA2008D73CF /* DungeonGeneration.swift */; };
/* End PBXBuildFile section */

/* Begin PBXFileReference section */
		21117C962D40F059004C64BC /* RogueLike.app */ = {isa = PBXFileReference; explicitFileType = wrapper.application; includeInIndex = 0; path = RogueLike.app; sourceTree = BUILT_PRODUCTS_DIR; };
		21117C992D40F059004C64BC /* AppDelegate.swift */ = {isa = PBXFileReference; lastKnownFileType = sourcecode.swift; path = AppDelegate.swift; sourceTree = "<group>"; };
		21117C9B2D40F059004C64BC /* GameScene.sks */ = {isa = PBXFileReference; lastKnownFileType = file.sks; path = GameScene.sks; sourceTree = "<group>"; };
		21117C9D2D40F059004C64BC /* Actions.sks */ = {isa = PBXFileReference; lastKnownFileType = file.sks; path = Actions.sks; sourceTree = "<group>"; };
		21117C9F2D40F059004C64BC /* GameScene.swift */ = {isa = PBXFileReference; lastKnownFileType = sourcecode.swift; path = GameScene.swift; sourceTree = "<group>"; };
		21117CA12D40F059004C64BC /* GameViewController.swift */ = {isa = PBXFileReference; lastKnownFileType = sourcecode.swift; path = GameViewController.swift; sourceTree = "<group>"; };
		21117CA42D40F059004C64BC /* Base */ = {isa = PBXFileReference; lastKnownFileType = file.storyboard; name = Base; path = Base.lproj/Main.storyboard; sourceTree = "<group>"; };
		21117CA62D40F05C004C64BC /* Assets.xcassets */ = {isa = PBXFileReference; lastKnownFileType = folder.assetcatalog; path = Assets.xcassets; sourceTree = "<group>"; };
		21117CA92D40F05C004C64BC /* Base */ = {isa = PBXFileReference; lastKnownFileType = file.storyboard; name = Base; path = Base.lproj/LaunchScreen.storyboard; sourceTree = "<group>"; };
		FD0A06FD2D46955300A42BE9 /* Constants.swift */ = {isa = PBXFileReference; lastKnownFileType = sourcecode.swift; path = Constants.swift; sourceTree = "<group>"; };
		FD647EA82D64AE1100ED72C1 /* DundeonToMapTranslation.swift */ = {isa = PBXFileReference; lastKnownFileType = sourcecode.swift; path = DundeonToMapTranslation.swift; sourceTree = "<group>"; };
		FDE4D7812D5D0A9D00EBD537 /* MapClasses.swift */ = {isa = PBXFileReference; lastKnownFileType = sourcecode.swift; path = MapClasses.swift; sourceTree = "<group>"; };
		FDF93DBB2D4FDCA2008D73CF /* DungeonGeneration.swift */ = {isa = PBXFileReference; lastKnownFileType = sourcecode.swift; path = DungeonGeneration.swift; sourceTree = "<group>"; };
/* End PBXFileReference section */

/* Begin PBXFrameworksBuildPhase section */
		21117C932D40F059004C64BC /* Frameworks */ = {
			isa = PBXFrameworksBuildPhase;
			buildActionMask = 2147483647;
			files = (
			);
			runOnlyForDeploymentPostprocessing = 0;
		};
/* End PBXFrameworksBuildPhase section */

/* Begin PBXGroup section */
		21117C8D2D40F059004C64BC = {
			isa = PBXGroup;
			children = (
				21117C982D40F059004C64BC /* RogueLike */,
				21117C972D40F059004C64BC /* Products */,
			);
			sourceTree = "<group>";
		};
		21117C972D40F059004C64BC /* Products */ = {
			isa = PBXGroup;
			children = (
				21117C962D40F059004C64BC /* RogueLike.app */,
			);
			name = Products;
			sourceTree = "<group>";
		};
		21117C982D40F059004C64BC /* RogueLike */ = {
			isa = PBXGroup;
			children = (
				FD9017012D63731300B746F9 /* constants */,
				FD9017002D63730300B746F9 /* classes */,
				FD9017022D63748500B746F9 /* dundeon */,
				FD9017032D6374AF00B746F9 /* display */,
				21117C992D40F059004C64BC /* AppDelegate.swift */,
				21117C9B2D40F059004C64BC /* GameScene.sks */,
				21117C9D2D40F059004C64BC /* Actions.sks */,
				21117CA12D40F059004C64BC /* GameViewController.swift */,
				21117CA32D40F059004C64BC /* Main.storyboard */,
				21117CA62D40F05C004C64BC /* Assets.xcassets */,
				21117CA82D40F05C004C64BC /* LaunchScreen.storyboard */,
			);
			path = RogueLike;
			sourceTree = "<group>";
		};
		FD9017002D63730300B746F9 /* classes */ = {
			isa = PBXGroup;
			children = (
				FDE4D7812D5D0A9D00EBD537 /* MapClasses.swift */,
			);
			path = classes;
			sourceTree = "<group>";
		};
		FD9017012D63731300B746F9 /* constants */ = {
			isa = PBXGroup;
			children = (
				FD0A06FD2D46955300A42BE9 /* Constants.swift */,
			);
			path = constants;
			sourceTree = "<group>";
		};
		FD9017022D63748500B746F9 /* dundeon */ = {
			isa = PBXGroup;
			children = (
				FDF93DBB2D4FDCA2008D73CF /* DungeonGeneration.swift */,
			);
			path = dundeon;
			sourceTree = "<group>";
		};
		FD9017032D6374AF00B746F9 /* display */ = {
			isa = PBXGroup;
			children = (
				21117C9F2D40F059004C64BC /* GameScene.swift */,
				FD647EA82D64AE1100ED72C1 /* DundeonToMapTranslation.swift */,
			);
			path = display;
			sourceTree = "<group>";
		};
/* End PBXGroup section */

/* Begin PBXNativeTarget section */
		21117C952D40F059004C64BC /* RogueLike */ = {
			isa = PBXNativeTarget;
			buildConfigurationList = 21117CAD2D40F05C004C64BC /* Build configuration list for PBXNativeTarget "RogueLike" */;
			buildPhases = (
				21117C922D40F059004C64BC /* Sources */,
				21117C932D40F059004C64BC /* Frameworks */,
				21117C942D40F059004C64BC /* Resources */,
			);
			buildRules = (
			);
			dependencies = (
			);
			name = RogueLike;
			productName = RogueLike;
			productReference = 21117C962D40F059004C64BC /* RogueLike.app */;
			productType = "com.apple.product-type.application";
		};
/* End PBXNativeTarget section */

/* Begin PBXProject section */
		21117C8E2D40F059004C64BC /* Project object */ = {
			isa = PBXProject;
			attributes = {
				BuildIndependentTargetsInParallel = 1;
				LastSwiftUpdateCheck = 1520;
				LastUpgradeCheck = 1520;
				TargetAttributes = {
					21117C952D40F059004C64BC = {
						CreatedOnToolsVersion = 15.2;
					};
				};
			};
			buildConfigurationList = 21117C912D40F059004C64BC /* Build configuration list for PBXProject "RogueLike" */;
			compatibilityVersion = "Xcode 14.0";
			developmentRegion = en;
			hasScannedForEncodings = 0;
			knownRegions = (
				en,
				Base,
			);
			mainGroup = 21117C8D2D40F059004C64BC;
			productRefGroup = 21117C972D40F059004C64BC /* Products */;
			projectDirPath = "";
			projectRoot = "";
			targets = (
				21117C952D40F059004C64BC /* RogueLike */,
			);
		};
/* End PBXProject section */

/* Begin PBXResourcesBuildPhase section */
		21117C942D40F059004C64BC /* Resources */ = {
			isa = PBXResourcesBuildPhase;
			buildActionMask = 2147483647;
			files = (
				21117CA52D40F059004C64BC /* Main.storyboard in Resources */,
				21117C9C2D40F059004C64BC /* GameScene.sks in Resources */,
				21117CA72D40F05C004C64BC /* Assets.xcassets in Resources */,
				21117CAA2D40F05C004C64BC /* LaunchScreen.storyboard in Resources */,
				21117C9E2D40F059004C64BC /* Actions.sks in Resources */,
			);
			runOnlyForDeploymentPostprocessing = 0;
		};
/* End PBXResourcesBuildPhase section */

/* Begin PBXSourcesBuildPhase section */
		21117C922D40F059004C64BC /* Sources */ = {
			isa = PBXSourcesBuildPhase;
			buildActionMask = 2147483647;
			files = (
				FDE4D7822D5D0A9D00EBD537 /* MapClasses.swift in Sources */,
				21117CA02D40F059004C64BC /* GameScene.swift in Sources */,
				21117CA22D40F059004C64BC /* GameViewController.swift in Sources */,
				21117C9A2D40F059004C64BC /* AppDelegate.swift in Sources */,
				FD647EA92D64AE1100ED72C1 /* DundeonToMapTranslation.swift in Sources */,
				FDF93DBC2D4FDCA2008D73CF /* DungeonGeneration.swift in Sources */,
				FD0A06FE2D46955300A42BE9 /* Constants.swift in Sources */,
			);
			runOnlyForDeploymentPostprocessing = 0;
		};
/* End PBXSourcesBuildPhase section */

/* Begin PBXVariantGroup section */
		21117CA32D40F059004C64BC /* Main.storyboard */ = {
			isa = PBXVariantGroup;
			children = (
				21117CA42D40F059004C64BC /* Base */,
			);
			name = Main.storyboard;
			sourceTree = "<group>";
		};
		21117CA82D40F05C004C64BC /* LaunchScreen.storyboard */ = {
			isa = PBXVariantGroup;
			children = (
				21117CA92D40F05C004C64BC /* Base */,
			);
			name = LaunchScreen.storyboard;
			sourceTree = "<group>";
		};
/* End PBXVariantGroup section */

/* Begin XCBuildConfiguration section */
		21117CAB2D40F05C004C64BC /* Debug */ = {
			isa = XCBuildConfiguration;
			buildSettings = {
				ALWAYS_SEARCH_USER_PATHS = NO;
				ASSETCATALOG_COMPILER_GENERATE_SWIFT_ASSET_SYMBOL_EXTENSIONS = YES;
				CLANG_ANALYZER_NONNULL = YES;
				CLANG_ANALYZER_NUMBER_OBJECT_CONVERSION = YES_AGGRESSIVE;
				CLANG_CXX_LANGUAGE_STANDARD = "gnu++20";
				CLANG_ENABLE_MODULES = YES;
				CLANG_ENABLE_OBJC_ARC = YES;
				CLANG_ENABLE_OBJC_WEAK = YES;
				CLANG_WARN_BLOCK_CAPTURE_AUTORELEASING = YES;
				CLANG_WARN_BOOL_CONVERSION = YES;
				CLANG_WARN_COMMA = YES;
				CLANG_WARN_CONSTANT_CONVERSION = YES;
				CLANG_WARN_DEPRECATED_OBJC_IMPLEMENTATIONS = YES;
				CLANG_WARN_DIRECT_OBJC_ISA_USAGE = YES_ERROR;
				CLANG_WARN_DOCUMENTATION_COMMENTS = YES;
				CLANG_WARN_EMPTY_BODY = YES;
				CLANG_WARN_ENUM_CONVERSION = YES;
				CLANG_WARN_INFINITE_RECURSION = YES;
				CLANG_WARN_INT_CONVERSION = YES;
				CLANG_WARN_NON_LITERAL_NULL_CONVERSION = YES;
				CLANG_WARN_OBJC_IMPLICIT_RETAIN_SELF = YES;
				CLANG_WARN_OBJC_LITERAL_CONVERSION = YES;
				CLANG_WARN_OBJC_ROOT_CLASS = YES_ERROR;
				CLANG_WARN_QUOTED_INCLUDE_IN_FRAMEWORK_HEADER = YES;
				CLANG_WARN_RANGE_LOOP_ANALYSIS = YES;
				CLANG_WARN_STRICT_PROTOTYPES = YES;
				CLANG_WARN_SUSPICIOUS_MOVE = YES;
				CLANG_WARN_UNGUARDED_AVAILABILITY = YES_AGGRESSIVE;
				CLANG_WARN_UNREACHABLE_CODE = YES;
				CLANG_WARN__DUPLICATE_METHOD_MATCH = YES;
				COPY_PHASE_STRIP = NO;
				DEBUG_INFORMATION_FORMAT = dwarf;
				ENABLE_STRICT_OBJC_MSGSEND = YES;
				ENABLE_TESTABILITY = YES;
				ENABLE_USER_SCRIPT_SANDBOXING = YES;
				GCC_C_LANGUAGE_STANDARD = gnu17;
				GCC_DYNAMIC_NO_PIC = NO;
				GCC_NO_COMMON_BLOCKS = YES;
				GCC_OPTIMIZATION_LEVEL = 0;
				GCC_PREPROCESSOR_DEFINITIONS = (
					"DEBUG=1",
					"$(inherited)",
				);
				GCC_WARN_64_TO_32_BIT_CONVERSION = YES;
				GCC_WARN_ABOUT_RETURN_TYPE = YES_ERROR;
				GCC_WARN_UNDECLARED_SELECTOR = YES;
				GCC_WARN_UNINITIALIZED_AUTOS = YES_AGGRESSIVE;
				GCC_WARN_UNUSED_FUNCTION = YES;
				GCC_WARN_UNUSED_VARIABLE = YES;
				IPHONEOS_DEPLOYMENT_TARGET = 17.2;
				LOCALIZATION_PREFERS_STRING_CATALOGS = YES;
				MTL_ENABLE_DEBUG_INFO = INCLUDE_SOURCE;
				MTL_FAST_MATH = YES;
				ONLY_ACTIVE_ARCH = YES;
				SDKROOT = iphoneos;
				SWIFT_ACTIVE_COMPILATION_CONDITIONS = "DEBUG $(inherited)";
				SWIFT_OPTIMIZATION_LEVEL = "-Onone";
			};
			name = Debug;
		};
		21117CAC2D40F05C004C64BC /* Release */ = {
			isa = XCBuildConfiguration;
			buildSettings = {
				ALWAYS_SEARCH_USER_PATHS = NO;
				ASSETCATALOG_COMPILER_GENERATE_SWIFT_ASSET_SYMBOL_EXTENSIONS = YES;
				CLANG_ANALYZER_NONNULL = YES;
				CLANG_ANALYZER_NUMBER_OBJECT_CONVERSION = YES_AGGRESSIVE;
				CLANG_CXX_LANGUAGE_STANDARD = "gnu++20";
				CLANG_ENABLE_MODULES = YES;
				CLANG_ENABLE_OBJC_ARC = YES;
				CLANG_ENABLE_OBJC_WEAK = YES;
				CLANG_WARN_BLOCK_CAPTURE_AUTORELEASING = YES;
				CLANG_WARN_BOOL_CONVERSION = YES;
				CLANG_WARN_COMMA = YES;
				CLANG_WARN_CONSTANT_CONVERSION = YES;
				CLANG_WARN_DEPRECATED_OBJC_IMPLEMENTATIONS = YES;
				CLANG_WARN_DIRECT_OBJC_ISA_USAGE = YES_ERROR;
				CLANG_WARN_DOCUMENTATION_COMMENTS = YES;
				CLANG_WARN_EMPTY_BODY = YES;
				CLANG_WARN_ENUM_CONVERSION = YES;
				CLANG_WARN_INFINITE_RECURSION = YES;
				CLANG_WARN_INT_CONVERSION = YES;
				CLANG_WARN_NON_LITERAL_NULL_CONVERSION = YES;
				CLANG_WARN_OBJC_IMPLICIT_RETAIN_SELF = YES;
				CLANG_WARN_OBJC_LITERAL_CONVERSION = YES;
				CLANG_WARN_OBJC_ROOT_CLASS = YES_ERROR;
				CLANG_WARN_QUOTED_INCLUDE_IN_FRAMEWORK_HEADER = YES;
				CLANG_WARN_RANGE_LOOP_ANALYSIS = YES;
				CLANG_WARN_STRICT_PROTOTYPES = YES;
				CLANG_WARN_SUSPICIOUS_MOVE = YES;
				CLANG_WARN_UNGUARDED_AVAILABILITY = YES_AGGRESSIVE;
				CLANG_WARN_UNREACHABLE_CODE = YES;
				CLANG_WARN__DUPLICATE_METHOD_MATCH = YES;
				COPY_PHASE_STRIP = NO;
				DEBUG_INFORMATION_FORMAT = "dwarf-with-dsym";
				ENABLE_NS_ASSERTIONS = NO;
				ENABLE_STRICT_OBJC_MSGSEND = YES;
				ENABLE_USER_SCRIPT_SANDBOXING = YES;
				GCC_C_LANGUAGE_STANDARD = gnu17;
				GCC_NO_COMMON_BLOCKS = YES;
				GCC_WARN_64_TO_32_BIT_CONVERSION = YES;
				GCC_WARN_ABOUT_RETURN_TYPE = YES_ERROR;
				GCC_WARN_UNDECLARED_SELECTOR = YES;
				GCC_WARN_UNINITIALIZED_AUTOS = YES_AGGRESSIVE;
				GCC_WARN_UNUSED_FUNCTION = YES;
				GCC_WARN_UNUSED_VARIABLE = YES;
				IPHONEOS_DEPLOYMENT_TARGET = 17.2;
				LOCALIZATION_PREFERS_STRING_CATALOGS = YES;
				MTL_ENABLE_DEBUG_INFO = NO;
				MTL_FAST_MATH = YES;
				SDKROOT = iphoneos;
				SWIFT_COMPILATION_MODE = wholemodule;
				VALIDATE_PRODUCT = YES;
			};
			name = Release;
		};
		21117CAE2D40F05C004C64BC /* Debug */ = {
			isa = XCBuildConfiguration;
			buildSettings = {
				ASSETCATALOG_COMPILER_APPICON_NAME = AppIcon;
				ASSETCATALOG_COMPILER_GLOBAL_ACCENT_COLOR_NAME = AccentColor;
				CODE_SIGN_STYLE = Automatic;
				CURRENT_PROJECT_VERSION = 1;
				GENERATE_INFOPLIST_FILE = YES;
				INFOPLIST_KEY_UIApplicationSupportsIndirectInputEvents = YES;
				INFOPLIST_KEY_UILaunchStoryboardName = LaunchScreen;
				INFOPLIST_KEY_UIMainStoryboardFile = Main;
				INFOPLIST_KEY_UIStatusBarHidden = YES;
				INFOPLIST_KEY_UISupportedInterfaceOrientations_iPad = "UIInterfaceOrientationPortrait UIInterfaceOrientationPortraitUpsideDown UIInterfaceOrientationLandscapeLeft UIInterfaceOrientationLandscapeRight";
				INFOPLIST_KEY_UISupportedInterfaceOrientations_iPhone = "UIInterfaceOrientationPortrait UIInterfaceOrientationLandscapeLeft UIInterfaceOrientationLandscapeRight";
				LD_RUNPATH_SEARCH_PATHS = (
					"$(inherited)",
					"@executable_path/Frameworks",
				);
				MARKETING_VERSION = 1.0;
				PRODUCT_BUNDLE_IDENTIFIER = c.RogueLike;
				PRODUCT_NAME = "$(TARGET_NAME)";
				SWIFT_EMIT_LOC_STRINGS = YES;
				SWIFT_VERSION = 5.0;
				TARGETED_DEVICE_FAMILY = "1,2";
			};
			name = Debug;
		};
		21117CAF2D40F05C004C64BC /* Release */ = {
			isa = XCBuildConfiguration;
			buildSettings = {
				ASSETCATALOG_COMPILER_APPICON_NAME = AppIcon;
				ASSETCATALOG_COMPILER_GLOBAL_ACCENT_COLOR_NAME = AccentColor;
				CODE_SIGN_STYLE = Automatic;
				CURRENT_PROJECT_VERSION = 1;
				GENERATE_INFOPLIST_FILE = YES;
				INFOPLIST_KEY_UIApplicationSupportsIndirectInputEvents = YES;
				INFOPLIST_KEY_UILaunchStoryboardName = LaunchScreen;
				INFOPLIST_KEY_UIMainStoryboardFile = Main;
				INFOPLIST_KEY_UIStatusBarHidden = YES;
				INFOPLIST_KEY_UISupportedInterfaceOrientations_iPad = "UIInterfaceOrientationPortrait UIInterfaceOrientationPortraitUpsideDown UIInterfaceOrientationLandscapeLeft UIInterfaceOrientationLandscapeRight";
				INFOPLIST_KEY_UISupportedInterfaceOrientations_iPhone = "UIInterfaceOrientationPortrait UIInterfaceOrientationLandscapeLeft UIInterfaceOrientationLandscapeRight";
				LD_RUNPATH_SEARCH_PATHS = (
					"$(inherited)",
					"@executable_path/Frameworks",
				);
				MARKETING_VERSION = 1.0;
				PRODUCT_BUNDLE_IDENTIFIER = c.RogueLike;
				PRODUCT_NAME = "$(TARGET_NAME)";
				SWIFT_EMIT_LOC_STRINGS = YES;
				SWIFT_VERSION = 5.0;
				TARGETED_DEVICE_FAMILY = "1,2";
			};
			name = Release;
		};
/* End XCBuildConfiguration section */

/* Begin XCConfigurationList section */
		21117C912D40F059004C64BC /* Build configuration list for PBXProject "RogueLike" */ = {
			isa = XCConfigurationList;
			buildConfigurations = (
				21117CAB2D40F05C004C64BC /* Debug */,
				21117CAC2D40F05C004C64BC /* Release */,
			);
			defaultConfigurationIsVisible = 0;
			defaultConfigurationName = Release;
		};
		21117CAD2D40F05C004C64BC /* Build configuration list for PBXNativeTarget "RogueLike" */ = {
			isa = XCConfigurationList;
			buildConfigurations = (
				21117CAE2D40F05C004C64BC /* Debug */,
				21117CAF2D40F05C004C64BC /* Release */,
			);
			defaultConfigurationIsVisible = 0;
			defaultConfigurationName = Release;
		};
/* End XCConfigurationList section */
	};
	rootObject = 21117C8E2D40F059004C64BC /* Project object */;
}
