// !$*UTF8*$!
{
	archiveVersion = 1;
	classes = {
	};
	objectVersion = 56;
	objects = {

/* Begin PBXBuildFile section */
		FD2089BD2D5A663900EE7989 /* main.swift in Sources */ = {isa = PBXBuildFile; fileRef = FD2089BC2D5A663900EE7989 /* main.swift */; };
		FD2089C42D5A668800EE7989 /* constants.swift in Sources */ = {isa = PBXBuildFile; fileRef = FD2089C32D5A668800EE7989 /* constants.swift */; };
		FD2089C62D5A669F00EE7989 /* dungeonGeneration.swift in Sources */ = {isa = PBXBuildFile; fileRef = FD2089C52D5A669F00EE7989 /* dungeonGeneration.swift */; };
		FD2089C82D5A66B300EE7989 /* mapstructs.swift in Sources */ = {isa = PBXBuildFile; fileRef = FD2089C72D5A66B300EE7989 /* mapstructs.swift */; };
		FD2089CA2D5A67C700EE7989 /* normFunc.swift in Sources */ = {isa = PBXBuildFile; fileRef = FD2089C92D5A67C700EE7989 /* normFunc.swift */; };
		FDA7C6802D5CA7810012D60E /* throughClass.swift in Sources */ = {isa = PBXBuildFile; fileRef = FDA7C67F2D5CA7810012D60E /* throughClass.swift */; };
		FDA7C6822D5CA94E0012D60E /* myClasses.swift in Sources */ = {isa = PBXBuildFile; fileRef = FDA7C6812D5CA94E0012D60E /* myClasses.swift */; };
/* End PBXBuildFile section */

/* Begin PBXCopyFilesBuildPhase section */
		FD2089B72D5A663900EE7989 /* CopyFiles */ = {
			isa = PBXCopyFilesBuildPhase;
			buildActionMask = 2147483647;
			dstPath = /usr/share/man/man1/;
			dstSubfolderSpec = 0;
			files = (
			);
			runOnlyForDeploymentPostprocessing = 1;
		};
/* End PBXCopyFilesBuildPhase section */

/* Begin PBXFileReference section */
		FD2089B92D5A663900EE7989 /* rogueTestFix */ = {isa = PBXFileReference; explicitFileType = "compiled.mach-o.executable"; includeInIndex = 0; path = rogueTestFix; sourceTree = BUILT_PRODUCTS_DIR; };
		FD2089BC2D5A663900EE7989 /* main.swift */ = {isa = PBXFileReference; lastKnownFileType = sourcecode.swift; path = main.swift; sourceTree = "<group>"; };
		FD2089C32D5A668800EE7989 /* constants.swift */ = {isa = PBXFileReference; lastKnownFileType = sourcecode.swift; path = constants.swift; sourceTree = "<group>"; };
		FD2089C52D5A669F00EE7989 /* dungeonGeneration.swift */ = {isa = PBXFileReference; lastKnownFileType = sourcecode.swift; path = dungeonGeneration.swift; sourceTree = "<group>"; };
		FD2089C72D5A66B300EE7989 /* mapstructs.swift */ = {isa = PBXFileReference; lastKnownFileType = sourcecode.swift; path = mapstructs.swift; sourceTree = "<group>"; };
		FD2089C92D5A67C700EE7989 /* normFunc.swift */ = {isa = PBXFileReference; lastKnownFileType = sourcecode.swift; path = normFunc.swift; sourceTree = "<group>"; };
		FDA7C67F2D5CA7810012D60E /* throughClass.swift */ = {isa = PBXFileReference; lastKnownFileType = sourcecode.swift; path = throughClass.swift; sourceTree = "<group>"; };
		FDA7C6812D5CA94E0012D60E /* myClasses.swift */ = {isa = PBXFileReference; lastKnownFileType = sourcecode.swift; path = myClasses.swift; sourceTree = "<group>"; };
/* End PBXFileReference section */

/* Begin PBXFrameworksBuildPhase section */
		FD2089B62D5A663900EE7989 /* Frameworks */ = {
			isa = PBXFrameworksBuildPhase;
			buildActionMask = 2147483647;
			files = (
			);
			runOnlyForDeploymentPostprocessing = 0;
		};
/* End PBXFrameworksBuildPhase section */

/* Begin PBXGroup section */
		FD2089B02D5A663900EE7989 = {
			isa = PBXGroup;
			children = (
				FD2089C92D5A67C700EE7989 /* normFunc.swift */,
				FD2089BB2D5A663900EE7989 /* rogueTestFix */,
				FD2089BA2D5A663900EE7989 /* Products */,
			);
			sourceTree = "<group>";
		};
		FD2089BA2D5A663900EE7989 /* Products */ = {
			isa = PBXGroup;
			children = (
				FD2089B92D5A663900EE7989 /* rogueTestFix */,
			);
			name = Products;
			sourceTree = "<group>";
		};
		FD2089BB2D5A663900EE7989 /* rogueTestFix */ = {
			isa = PBXGroup;
			children = (
				FD2089C32D5A668800EE7989 /* constants.swift */,
				FD2089BC2D5A663900EE7989 /* main.swift */,
				FD2089C52D5A669F00EE7989 /* dungeonGeneration.swift */,
				FD2089C72D5A66B300EE7989 /* mapstructs.swift */,
				FDA7C67F2D5CA7810012D60E /* throughClass.swift */,
				FDA7C6812D5CA94E0012D60E /* myClasses.swift */,
			);
			path = rogueTestFix;
			sourceTree = "<group>";
		};
/* End PBXGroup section */

/* Begin PBXNativeTarget section */
		FD2089B82D5A663900EE7989 /* rogueTestFix */ = {
			isa = PBXNativeTarget;
			buildConfigurationList = FD2089C02D5A663900EE7989 /* Build configuration list for PBXNativeTarget "rogueTestFix" */;
			buildPhases = (
				FD2089B52D5A663900EE7989 /* Sources */,
				FD2089B62D5A663900EE7989 /* Frameworks */,
				FD2089B72D5A663900EE7989 /* CopyFiles */,
			);
			buildRules = (
			);
			dependencies = (
			);
			name = rogueTestFix;
			productName = rogueTestFix;
			productReference = FD2089B92D5A663900EE7989 /* rogueTestFix */;
			productType = "com.apple.product-type.tool";
		};
/* End PBXNativeTarget section */

/* Begin PBXProject section */
		FD2089B12D5A663900EE7989 /* Project object */ = {
			isa = PBXProject;
			attributes = {
				BuildIndependentTargetsInParallel = 1;
				LastSwiftUpdateCheck = 1520;
				LastUpgradeCheck = 1520;
				TargetAttributes = {
					FD2089B82D5A663900EE7989 = {
						CreatedOnToolsVersion = 15.2;
					};
				};
			};
			buildConfigurationList = FD2089B42D5A663900EE7989 /* Build configuration list for PBXProject "rogueTestFix" */;
			compatibilityVersion = "Xcode 14.0";
			developmentRegion = en;
			hasScannedForEncodings = 0;
			knownRegions = (
				en,
				Base,
			);
			mainGroup = FD2089B02D5A663900EE7989;
			productRefGroup = FD2089BA2D5A663900EE7989 /* Products */;
			projectDirPath = "";
			projectRoot = "";
			targets = (
				FD2089B82D5A663900EE7989 /* rogueTestFix */,
			);
		};
/* End PBXProject section */

/* Begin PBXSourcesBuildPhase section */
		FD2089B52D5A663900EE7989 /* Sources */ = {
			isa = PBXSourcesBuildPhase;
			buildActionMask = 2147483647;
			files = (
				FDA7C6802D5CA7810012D60E /* throughClass.swift in Sources */,
				FD2089CA2D5A67C700EE7989 /* normFunc.swift in Sources */,
				FD2089BD2D5A663900EE7989 /* main.swift in Sources */,
				FD2089C82D5A66B300EE7989 /* mapstructs.swift in Sources */,
				FD2089C42D5A668800EE7989 /* constants.swift in Sources */,
				FD2089C62D5A669F00EE7989 /* dungeonGeneration.swift in Sources */,
				FDA7C6822D5CA94E0012D60E /* myClasses.swift in Sources */,
			);
			runOnlyForDeploymentPostprocessing = 0;
		};
/* End PBXSourcesBuildPhase section */

/* Begin XCBuildConfiguration section */
		FD2089BE2D5A663900EE7989 /* Debug */ = {
			isa = XCBuildConfiguration;
			buildSettings = {
				ALWAYS_SEARCH_USER_PATHS = NO;
				ASSETCATALOG_COMPILER_GENERATE_SWIFT_ASSET_SYMBOL_EXTENSIONS = YES;
				CLANG_ANALYZER_NONNULL = YES;
				CLANG_ANALYZER_NUMBER_OBJECT_CONVERSION = YES_AGGRESSIVE;
				CLANG_CXX_LANGUAGE_STANDARD = "gnu++20";
				CLANG_ENABLE_MODULES = YES;
				CLANG_ENABLE_OBJC_ARC = YES;
				CLANG_ENABLE_OBJC_WEAK = YES;
				CLANG_WARN_BLOCK_CAPTURE_AUTORELEASING = YES;
				CLANG_WARN_BOOL_CONVERSION = YES;
				CLANG_WARN_COMMA = YES;
				CLANG_WARN_CONSTANT_CONVERSION = YES;
				CLANG_WARN_DEPRECATED_OBJC_IMPLEMENTATIONS = YES;
				CLANG_WARN_DIRECT_OBJC_ISA_USAGE = YES_ERROR;
				CLANG_WARN_DOCUMENTATION_COMMENTS = YES;
				CLANG_WARN_EMPTY_BODY = YES;
				CLANG_WARN_ENUM_CONVERSION = YES;
				CLANG_WARN_INFINITE_RECURSION = YES;
				CLANG_WARN_INT_CONVERSION = YES;
				CLANG_WARN_NON_LITERAL_NULL_CONVERSION = YES;
				CLANG_WARN_OBJC_IMPLICIT_RETAIN_SELF = YES;
				CLANG_WARN_OBJC_LITERAL_CONVERSION = YES;
				CLANG_WARN_OBJC_ROOT_CLASS = YES_ERROR;
				CLANG_WARN_QUOTED_INCLUDE_IN_FRAMEWORK_HEADER = YES;
				CLANG_WARN_RANGE_LOOP_ANALYSIS = YES;
				CLANG_WARN_STRICT_PROTOTYPES = YES;
				CLANG_WARN_SUSPICIOUS_MOVE = YES;
				CLANG_WARN_UNGUARDED_AVAILABILITY = YES_AGGRESSIVE;
				CLANG_WARN_UNREACHABLE_CODE = YES;
				CLANG_WARN__DUPLICATE_METHOD_MATCH = YES;
				COPY_PHASE_STRIP = NO;
				DEBUG_INFORMATION_FORMAT = dwarf;
				ENABLE_STRICT_OBJC_MSGSEND = YES;
				ENABLE_TESTABILITY = YES;
				ENABLE_USER_SCRIPT_SANDBOXING = YES;
				GCC_C_LANGUAGE_STANDARD = gnu17;
				GCC_DYNAMIC_NO_PIC = NO;
				GCC_NO_COMMON_BLOCKS = YES;
				GCC_OPTIMIZATION_LEVEL = 0;
				GCC_PREPROCESSOR_DEFINITIONS = (
					"DEBUG=1",
					"$(inherited)",
				);
				GCC_WARN_64_TO_32_BIT_CONVERSION = YES;
				GCC_WARN_ABOUT_RETURN_TYPE = YES_ERROR;
				GCC_WARN_UNDECLARED_SELECTOR = YES;
				GCC_WARN_UNINITIALIZED_AUTOS = YES_AGGRESSIVE;
				GCC_WARN_UNUSED_FUNCTION = YES;
				GCC_WARN_UNUSED_VARIABLE = YES;
				LOCALIZATION_PREFERS_STRING_CATALOGS = YES;
				MACOSX_DEPLOYMENT_TARGET = 13.6;
				MTL_ENABLE_DEBUG_INFO = INCLUDE_SOURCE;
				MTL_FAST_MATH = YES;
				ONLY_ACTIVE_ARCH = YES;
				SDKROOT = macosx;
				SWIFT_ACTIVE_COMPILATION_CONDITIONS = "DEBUG $(inherited)";
				SWIFT_OPTIMIZATION_LEVEL = "-Onone";
			};
			name = Debug;
		};
		FD2089BF2D5A663900EE7989 /* Release */ = {
			isa = XCBuildConfiguration;
			buildSettings = {
				ALWAYS_SEARCH_USER_PATHS = NO;
				ASSETCATALOG_COMPILER_GENERATE_SWIFT_ASSET_SYMBOL_EXTENSIONS = YES;
				CLANG_ANALYZER_NONNULL = YES;
				CLANG_ANALYZER_NUMBER_OBJECT_CONVERSION = YES_AGGRESSIVE;
				CLANG_CXX_LANGUAGE_STANDARD = "gnu++20";
				CLANG_ENABLE_MODULES = YES;
				CLANG_ENABLE_OBJC_ARC = YES;
				CLANG_ENABLE_OBJC_WEAK = YES;
				CLANG_WARN_BLOCK_CAPTURE_AUTORELEASING = YES;
				CLANG_WARN_BOOL_CONVERSION = YES;
				CLANG_WARN_COMMA = YES;
				CLANG_WARN_CONSTANT_CONVERSION = YES;
				CLANG_WARN_DEPRECATED_OBJC_IMPLEMENTATIONS = YES;
				CLANG_WARN_DIRECT_OBJC_ISA_USAGE = YES_ERROR;
				CLANG_WARN_DOCUMENTATION_COMMENTS = YES;
				CLANG_WARN_EMPTY_BODY = YES;
				CLANG_WARN_ENUM_CONVERSION = YES;
				CLANG_WARN_INFINITE_RECURSION = YES;
				CLANG_WARN_INT_CONVERSION = YES;
				CLANG_WARN_NON_LITERAL_NULL_CONVERSION = YES;
				CLANG_WARN_OBJC_IMPLICIT_RETAIN_SELF = YES;
				CLANG_WARN_OBJC_LITERAL_CONVERSION = YES;
				CLANG_WARN_OBJC_ROOT_CLASS = YES_ERROR;
				CLANG_WARN_QUOTED_INCLUDE_IN_FRAMEWORK_HEADER = YES;
				CLANG_WARN_RANGE_LOOP_ANALYSIS = YES;
				CLANG_WARN_STRICT_PROTOTYPES = YES;
				CLANG_WARN_SUSPICIOUS_MOVE = YES;
				CLANG_WARN_UNGUARDED_AVAILABILITY = YES_AGGRESSIVE;
				CLANG_WARN_UNREACHABLE_CODE = YES;
				CLANG_WARN__DUPLICATE_METHOD_MATCH = YES;
				COPY_PHASE_STRIP = NO;
				DEBUG_INFORMATION_FORMAT = "dwarf-with-dsym";
				ENABLE_NS_ASSERTIONS = NO;
				ENABLE_STRICT_OBJC_MSGSEND = YES;
				ENABLE_USER_SCRIPT_SANDBOXING = YES;
				GCC_C_LANGUAGE_STANDARD = gnu17;
				GCC_NO_COMMON_BLOCKS = YES;
				GCC_WARN_64_TO_32_BIT_CONVERSION = YES;
				GCC_WARN_ABOUT_RETURN_TYPE = YES_ERROR;
				GCC_WARN_UNDECLARED_SELECTOR = YES;
				GCC_WARN_UNINITIALIZED_AUTOS = YES_AGGRESSIVE;
				GCC_WARN_UNUSED_FUNCTION = YES;
				GCC_WARN_UNUSED_VARIABLE = YES;
				LOCALIZATION_PREFERS_STRING_CATALOGS = YES;
				MACOSX_DEPLOYMENT_TARGET = 13.6;
				MTL_ENABLE_DEBUG_INFO = NO;
				MTL_FAST_MATH = YES;
				SDKROOT = macosx;
				SWIFT_COMPILATION_MODE = wholemodule;
			};
			name = Release;
		};
		FD2089C12D5A663900EE7989 /* Debug */ = {
			isa = XCBuildConfiguration;
			buildSettings = {
				CODE_SIGN_STYLE = Automatic;
				PRODUCT_NAME = "$(TARGET_NAME)";
				SWIFT_VERSION = 5.0;
			};
			name = Debug;
		};
		FD2089C22D5A663900EE7989 /* Release */ = {
			isa = XCBuildConfiguration;
			buildSettings = {
				CODE_SIGN_STYLE = Automatic;
				PRODUCT_NAME = "$(TARGET_NAME)";
				SWIFT_VERSION = 5.0;
			};
			name = Release;
		};
/* End XCBuildConfiguration section */

/* Begin XCConfigurationList section */
		FD2089B42D5A663900EE7989 /* Build configuration list for PBXProject "rogueTestFix" */ = {
			isa = XCConfigurationList;
			buildConfigurations = (
				FD2089BE2D5A663900EE7989 /* Debug */,
				FD2089BF2D5A663900EE7989 /* Release */,
			);
			defaultConfigurationIsVisible = 0;
			defaultConfigurationName = Release;
		};
		FD2089C02D5A663900EE7989 /* Build configuration list for PBXNativeTarget "rogueTestFix" */ = {
			isa = XCConfigurationList;
			buildConfigurations = (
				FD2089C12D5A663900EE7989 /* Debug */,
				FD2089C22D5A663900EE7989 /* Release */,
			);
			defaultConfigurationIsVisible = 0;
			defaultConfigurationName = Release;
		};
/* End XCConfigurationList section */
	};
	rootObject = FD2089B12D5A663900EE7989 /* Project object */;
}
